
Microsoft Visual Studio Solution File, Format Version 12.00
# Visual Studio Version 17
VisualStudioVersion = 17.0.31903.59
MinimumVisualStudioVersion = 10.0.40219.1
Project("{9A19103F-16F7-4668-BE54-9A1E7A4F7556}") = "BlazorBloggingApp.Shared", "BlazorBloggingApp.Shared\BlazorBloggingApp.Shared.csproj", "{D9B75E72-819B-4776-9BB4-930065C5F741}"
EndProject
Project("{9A19103F-16F7-4668-BE54-9A1E7A4F7556}") = "BlazorBloggingApp.ServerSide", "BlazorBloggingApp.ServerSide\BlazorBloggingApp.ServerSide.csproj", "{70319DFC-A532-410F-89CE-2B1C5F2D11B0}"
EndProject
Project("{9A19103F-16F7-4668-BE54-9A1E7A4F7556}") = "BlazorBloggingApp.WebAssembly", "BlazorBloggingApp.WebAssembly\BlazorBloggingApp.WebAssembly.csproj", "{685DB45E-AC0F-47EB-95E8-B9CF85856E65}"
EndProject
Global
	GlobalSection(SolutionConfigurationPlatforms) = preSolution
		Debug|Any CPU = Debug|Any CPU
		Release|Any CPU = Release|Any CPU
	EndGlobalSection
	GlobalSection(ProjectConfigurationPlatforms) = postSolution
		{D9B75E72-819B-4776-9BB4-930065C5F741}.Debug|Any CPU.ActiveCfg = Debug|Any CPU
		{D9B75E72-819B-4776-9BB4-930065C5F741}.Debug|Any CPU.Build.0 = Debug|Any CPU
		{D9B75E72-819B-4776-9BB4-930065C5F741}.Release|Any CPU.ActiveCfg = Release|Any CPU
		{D9B75E72-819B-4776-9BB4-930065C5F741}.Release|Any CPU.Build.0 = Release|Any CPU
		{70319DFC-A532-410F-89CE-2B1C5F2D11B0}.Debug|Any CPU.ActiveCfg = Debug|Any CPU
		{70319DFC-A532-410F-89CE-2B1C5F2D11B0}.Debug|Any CPU.Build.0 = Debug|Any CPU
		{70319DFC-A532-410F-89CE-2B1C5F2D11B0}.Release|Any CPU.ActiveCfg = Release|Any CPU
		{70319DFC-A532-410F-89CE-2B1C5F2D11B0}.Release|Any CPU.Build.0 = Release|Any CPU
		{685DB45E-AC0F-47EB-95E8-B9CF85856E65}.Debug|Any CPU.ActiveCfg = Debug|Any CPU
		{685DB45E-AC0F-47EB-95E8-B9CF85856E65}.Debug|Any CPU.Build.0 = Debug|Any CPU
		{685DB45E-AC0F-47EB-95E8-B9CF85856E65}.Release|Any CPU.ActiveCfg = Release|Any CPU
		{685DB45E-AC0F-47EB-95E8-B9CF85856E65}.Release|Any CPU.Build.0 = Release|Any CPU
	EndGlobalSection
	GlobalSection(SolutionProperties) = preSolution
		HideSolutionNode = FALSE
	EndGlobalSection
	GlobalSection(ExtensibilityGlobals) = postSolution
		SolutionGuid = {12D68836-A71E-4867-B322-B5531E514153}
	EndGlobalSection
EndGlobal
